// !$*UTF8*$!
{
	archiveVersion = 1;
	classes = {
	};
	objectVersion = 50;
	objects = {

/* Begin PBXBuildFile section */
		467D12AC27A2B41800FA87F7 /* AppDelegate.swift in Sources */ = {isa = PBXBuildFile; fileRef = 467D12AB27A2B41800FA87F7 /* AppDelegate.swift */; };
		467D12AE27A2B41800FA87F7 /* SceneDelegate.swift in Sources */ = {isa = PBXBuildFile; fileRef = 467D12AD27A2B41800FA87F7 /* SceneDelegate.swift */; };
		467D12B027A2B41800FA87F7 /* ConversionViewController.swift in Sources */ = {isa = PBXBuildFile; fileRef = 467D12AF27A2B41800FA87F7 /* ConversionViewController.swift */; };
		467D12B327A2B41800FA87F7 /* Main.storyboard in Resources */ = {isa = PBXBuildFile; fileRef = 467D12B127A2B41800FA87F7 /* Main.storyboard */; };
		467D12B527A2B42800FA87F7 /* Assets.xcassets in Resources */ = {isa = PBXBuildFile; fileRef = 467D12B427A2B42800FA87F7 /* Assets.xcassets */; };
		467D12B827A2B42800FA87F7 /* LaunchScreen.storyboard in Resources */ = {isa = PBXBuildFile; fileRef = 467D12B627A2B42800FA87F7 /* LaunchScreen.storyboard */; };
		467D12C327A2B42800FA87F7 /* WorldTrotterTests.swift in Sources */ = {isa = PBXBuildFile; fileRef = 467D12C227A2B42800FA87F7 /* WorldTrotterTests.swift */; };
		467D12CE27A2B42800FA87F7 /* WorldTrotterUITests.swift in Sources */ = {isa = PBXBuildFile; fileRef = 467D12CD27A2B42800FA87F7 /* WorldTrotterUITests.swift */; };
		46813C5D27A3DCD7008D47AC /* MapViewController.swift in Sources */ = {isa = PBXBuildFile; fileRef = 46813C5C27A3DCD7008D47AC /* MapViewController.swift */; };
		46813C6527A3E54A008D47AC /* README.md in Resources */ = {isa = PBXBuildFile; fileRef = 46813C6427A3E54A008D47AC /* README.md */; };
		46813C6A27A3E5A8008D47AC /* .gitignore in Resources */ = {isa = PBXBuildFile; fileRef = 46813C6927A3E5A8008D47AC /* .gitignore */; };
/* End PBXBuildFile section */

/* Begin PBXContainerItemProxy section */
		467D12BF27A2B42800FA87F7 /* PBXContainerItemProxy */ = {
			isa = PBXContainerItemProxy;
			containerPortal = 467D12A027A2B41800FA87F7 /* Project object */;
			proxyType = 1;
			remoteGlobalIDString = 467D12A727A2B41800FA87F7;
			remoteInfo = WorldTrotter;
		};
		467D12CA27A2B42800FA87F7 /* PBXContainerItemProxy */ = {
			isa = PBXContainerItemProxy;
			containerPortal = 467D12A027A2B41800FA87F7 /* Project object */;
			proxyType = 1;
			remoteGlobalIDString = 467D12A727A2B41800FA87F7;
			remoteInfo = WorldTrotter;
		};
/* End PBXContainerItemProxy section */

/* Begin PBXFileReference section */
		467D12A827A2B41800FA87F7 /* WorldTrotter.app */ = {isa = PBXFileReference; explicitFileType = wrapper.application; includeInIndex = 0; path = WorldTrotter.app; sourceTree = BUILT_PRODUCTS_DIR; };
		467D12AB27A2B41800FA87F7 /* AppDelegate.swift */ = {isa = PBXFileReference; lastKnownFileType = sourcecode.swift; path = AppDelegate.swift; sourceTree = "<group>"; };
		467D12AD27A2B41800FA87F7 /* SceneDelegate.swift */ = {isa = PBXFileReference; lastKnownFileType = sourcecode.swift; path = SceneDelegate.swift; sourceTree = "<group>"; };
		467D12AF27A2B41800FA87F7 /* ConversionViewController.swift */ = {isa = PBXFileReference; lastKnownFileType = sourcecode.swift; path = ConversionViewController.swift; sourceTree = "<group>"; };
		467D12B227A2B41800FA87F7 /* Base */ = {isa = PBXFileReference; lastKnownFileType = file.storyboard; name = Base; path = Base.lproj/Main.storyboard; sourceTree = "<group>"; };
		467D12B427A2B42800FA87F7 /* Assets.xcassets */ = {isa = PBXFileReference; lastKnownFileType = folder.assetcatalog; path = Assets.xcassets; sourceTree = "<group>"; };
		467D12B727A2B42800FA87F7 /* Base */ = {isa = PBXFileReference; lastKnownFileType = file.storyboard; name = Base; path = Base.lproj/LaunchScreen.storyboard; sourceTree = "<group>"; };
		467D12B927A2B42800FA87F7 /* Info.plist */ = {isa = PBXFileReference; lastKnownFileType = text.plist.xml; path = Info.plist; sourceTree = "<group>"; };
		467D12BE27A2B42800FA87F7 /* WorldTrotterTests.xctest */ = {isa = PBXFileReference; explicitFileType = wrapper.cfbundle; includeInIndex = 0; path = WorldTrotterTests.xctest; sourceTree = BUILT_PRODUCTS_DIR; };
		467D12C227A2B42800FA87F7 /* WorldTrotterTests.swift */ = {isa = PBXFileReference; lastKnownFileType = sourcecode.swift; path = WorldTrotterTests.swift; sourceTree = "<group>"; };
		467D12C427A2B42800FA87F7 /* Info.plist */ = {isa = PBXFileReference; lastKnownFileType = text.plist.xml; path = Info.plist; sourceTree = "<group>"; };
		467D12C927A2B42800FA87F7 /* WorldTrotterUITests.xctest */ = {isa = PBXFileReference; explicitFileType = wrapper.cfbundle; includeInIndex = 0; path = WorldTrotterUITests.xctest; sourceTree = BUILT_PRODUCTS_DIR; };
		467D12CD27A2B42800FA87F7 /* WorldTrotterUITests.swift */ = {isa = PBXFileReference; lastKnownFileType = sourcecode.swift; path = WorldTrotterUITests.swift; sourceTree = "<group>"; };
		467D12CF27A2B42800FA87F7 /* Info.plist */ = {isa = PBXFileReference; lastKnownFileType = text.plist.xml; path = Info.plist; sourceTree = "<group>"; };
		46813C5C27A3DCD7008D47AC /* MapViewController.swift */ = {isa = PBXFileReference; lastKnownFileType = sourcecode.swift; path = MapViewController.swift; sourceTree = "<group>"; };
		46813C6427A3E54A008D47AC /* README.md */ = {isa = PBXFileReference; fileEncoding = 4; lastKnownFileType = net.daringfireball.markdown; path = README.md; sourceTree = SOURCE_ROOT; };
		46813C6927A3E5A8008D47AC /* .gitignore */ = {isa = PBXFileReference; fileEncoding = 4; lastKnownFileType = text; path = .gitignore; sourceTree = "<group>"; };
/* End PBXFileReference section */

/* Begin PBXFrameworksBuildPhase section */
		467D12A527A2B41800FA87F7 /* Frameworks */ = {
			isa = PBXFrameworksBuildPhase;
			buildActionMask = 2147483647;
			files = (
			);
			runOnlyForDeploymentPostprocessing = 0;
		};
		467D12BB27A2B42800FA87F7 /* Frameworks */ = {
			isa = PBXFrameworksBuildPhase;
			buildActionMask = 2147483647;
			files = (
			);
			runOnlyForDeploymentPostprocessing = 0;
		};
		467D12C627A2B42800FA87F7 /* Frameworks */ = {
			isa = PBXFrameworksBuildPhase;
			buildActionMask = 2147483647;
			files = (
			);
			runOnlyForDeploymentPostprocessing = 0;
		};
/* End PBXFrameworksBuildPhase section */

/* Begin PBXGroup section */
		467D129F27A2B41800FA87F7 = {
			isa = PBXGroup;
			children = (
				46813C6927A3E5A8008D47AC /* .gitignore */,
				467D12AA27A2B41800FA87F7 /* WorldTrotter */,
				467D12C127A2B42800FA87F7 /* WorldTrotterTests */,
				467D12CC27A2B42800FA87F7 /* WorldTrotterUITests */,
				467D12A927A2B41800FA87F7 /* Products */,
			);
			sourceTree = "<group>";
		};
		467D12A927A2B41800FA87F7 /* Products */ = {
			isa = PBXGroup;
			children = (
				467D12A827A2B41800FA87F7 /* WorldTrotter.app */,
				467D12BE27A2B42800FA87F7 /* WorldTrotterTests.xctest */,
				467D12C927A2B42800FA87F7 /* WorldTrotterUITests.xctest */,
			);
			name = Products;
			sourceTree = "<group>";
		};
		467D12AA27A2B41800FA87F7 /* WorldTrotter */ = {
			isa = PBXGroup;
			children = (
				467D12AB27A2B41800FA87F7 /* AppDelegate.swift */,
				467D12AD27A2B41800FA87F7 /* SceneDelegate.swift */,
				467D12AF27A2B41800FA87F7 /* ConversionViewController.swift */,
				467D12B127A2B41800FA87F7 /* Main.storyboard */,
				46813C5C27A3DCD7008D47AC /* MapViewController.swift */,
				46813C6427A3E54A008D47AC /* README.md */,
				467D12B427A2B42800FA87F7 /* Assets.xcassets */,
				467D12B627A2B42800FA87F7 /* LaunchScreen.storyboard */,
				467D12B927A2B42800FA87F7 /* Info.plist */,
			);
			path = WorldTrotter;
			sourceTree = "<group>";
		};
		467D12C127A2B42800FA87F7 /* WorldTrotterTests */ = {
			isa = PBXGroup;
			children = (
				467D12C227A2B42800FA87F7 /* WorldTrotterTests.swift */,
				467D12C427A2B42800FA87F7 /* Info.plist */,
			);
			path = WorldTrotterTests;
			sourceTree = "<group>";
		};
		467D12CC27A2B42800FA87F7 /* WorldTrotterUITests */ = {
			isa = PBXGroup;
			children = (
				467D12CD27A2B42800FA87F7 /* WorldTrotterUITests.swift */,
				467D12CF27A2B42800FA87F7 /* Info.plist */,
			);
			path = WorldTrotterUITests;
			sourceTree = "<group>";
		};
/* End PBXGroup section */

/* Begin PBXNativeTarget section */
		467D12A727A2B41800FA87F7 /* WorldTrotter */ = {
			isa = PBXNativeTarget;
			buildConfigurationList = 467D12D227A2B42800FA87F7 /* Build configuration list for PBXNativeTarget "WorldTrotter" */;
			buildPhases = (
				467D12A427A2B41800FA87F7 /* Sources */,
				467D12A527A2B41800FA87F7 /* Frameworks */,
				467D12A627A2B41800FA87F7 /* Resources */,
			);
			buildRules = (
			);
			dependencies = (
			);
			name = WorldTrotter;
			productName = WorldTrotter;
			productReference = 467D12A827A2B41800FA87F7 /* WorldTrotter.app */;
			productType = "com.apple.product-type.application";
		};
		467D12BD27A2B42800FA87F7 /* WorldTrotterTests */ = {
			isa = PBXNativeTarget;
			buildConfigurationList = 467D12D527A2B42800FA87F7 /* Build configuration list for PBXNativeTarget "WorldTrotterTests" */;
			buildPhases = (
				467D12BA27A2B42800FA87F7 /* Sources */,
				467D12BB27A2B42800FA87F7 /* Frameworks */,
				467D12BC27A2B42800FA87F7 /* Resources */,
			);
			buildRules = (
			);
			dependencies = (
				467D12C027A2B42800FA87F7 /* PBXTargetDependency */,
			);
			name = WorldTrotterTests;
			productName = WorldTrotterTests;
			productReference = 467D12BE27A2B42800FA87F7 /* WorldTrotterTests.xctest */;
			productType = "com.apple.product-type.bundle.unit-test";
		};
		467D12C827A2B42800FA87F7 /* WorldTrotterUITests */ = {
			isa = PBXNativeTarget;
			buildConfigurationList = 467D12D827A2B42800FA87F7 /* Build configuration list for PBXNativeTarget "WorldTrotterUITests" */;
			buildPhases = (
				467D12C527A2B42800FA87F7 /* Sources */,
				467D12C627A2B42800FA87F7 /* Frameworks */,
				467D12C727A2B42800FA87F7 /* Resources */,
			);
			buildRules = (
			);
			dependencies = (
				467D12CB27A2B42800FA87F7 /* PBXTargetDependency */,
			);
			name = WorldTrotterUITests;
			productName = WorldTrotterUITests;
			productReference = 467D12C927A2B42800FA87F7 /* WorldTrotterUITests.xctest */;
			productType = "com.apple.product-type.bundle.ui-testing";
		};
/* End PBXNativeTarget section */

/* Begin PBXProject section */
		467D12A027A2B41800FA87F7 /* Project object */ = {
			isa = PBXProject;
			attributes = {
				LastSwiftUpdateCheck = 1240;
				LastUpgradeCheck = 1240;
				TargetAttributes = {
					467D12A727A2B41800FA87F7 = {
						CreatedOnToolsVersion = 12.4;
					};
					467D12BD27A2B42800FA87F7 = {
						CreatedOnToolsVersion = 12.4;
						TestTargetID = 467D12A727A2B41800FA87F7;
					};
					467D12C827A2B42800FA87F7 = {
						CreatedOnToolsVersion = 12.4;
						TestTargetID = 467D12A727A2B41800FA87F7;
					};
				};
			};
			buildConfigurationList = 467D12A327A2B41800FA87F7 /* Build configuration list for PBXProject "WorldTrotter" */;
			compatibilityVersion = "Xcode 9.3";
			developmentRegion = en;
			hasScannedForEncodings = 0;
			knownRegions = (
				en,
				Base,
			);
			mainGroup = 467D129F27A2B41800FA87F7;
			productRefGroup = 467D12A927A2B41800FA87F7 /* Products */;
			projectDirPath = "";
			projectRoot = "";
			targets = (
				467D12A727A2B41800FA87F7 /* WorldTrotter */,
				467D12BD27A2B42800FA87F7 /* WorldTrotterTests */,
				467D12C827A2B42800FA87F7 /* WorldTrotterUITests */,
			);
		};
/* End PBXProject section */

/* Begin PBXResourcesBuildPhase section */
		467D12A627A2B41800FA87F7 /* Resources */ = {
			isa = PBXResourcesBuildPhase;
			buildActionMask = 2147483647;
			files = (
				46813C6A27A3E5A8008D47AC /* .gitignore in Resources */,
				467D12B827A2B42800FA87F7 /* LaunchScreen.storyboard in Resources */,
				467D12B527A2B42800FA87F7 /* Assets.xcassets in Resources */,
				46813C6527A3E54A008D47AC /* README.md in Resources */,
				467D12B327A2B41800FA87F7 /* Main.storyboard in Resources */,
			);
			runOnlyForDeploymentPostprocessing = 0;
		};
		467D12BC27A2B42800FA87F7 /* Resources */ = {
			isa = PBXResourcesBuildPhase;
			buildActionMask = 2147483647;
			files = (
			);
			runOnlyForDeploymentPostprocessing = 0;
		};
		467D12C727A2B42800FA87F7 /* Resources */ = {
			isa = PBXResourcesBuildPhase;
			buildActionMask = 2147483647;
			files = (
			);
			runOnlyForDeploymentPostprocessing = 0;
		};
/* End PBXResourcesBuildPhase section */

/* Begin PBXSourcesBuildPhase section */
		467D12A427A2B41800FA87F7 /* Sources */ = {
			isa = PBXSourcesBuildPhase;
			buildActionMask = 2147483647;
			files = (
				467D12B027A2B41800FA87F7 /* ConversionViewController.swift in Sources */,
				467D12AC27A2B41800FA87F7 /* AppDelegate.swift in Sources */,
				467D12AE27A2B41800FA87F7 /* SceneDelegate.swift in Sources */,
				46813C5D27A3DCD7008D47AC /* MapViewController.swift in Sources */,
			);
			runOnlyForDeploymentPostprocessing = 0;
		};
		467D12BA27A2B42800FA87F7 /* Sources */ = {
			isa = PBXSourcesBuildPhase;
			buildActionMask = 2147483647;
			files = (
				467D12C327A2B42800FA87F7 /* WorldTrotterTests.swift in Sources */,
			);
			runOnlyForDeploymentPostprocessing = 0;
		};
		467D12C527A2B42800FA87F7 /* Sources */ = {
			isa = PBXSourcesBuildPhase;
			buildActionMask = 2147483647;
			files = (
				467D12CE27A2B42800FA87F7 /* WorldTrotterUITests.swift in Sources */,
			);
			runOnlyForDeploymentPostprocessing = 0;
		};
/* End PBXSourcesBuildPhase section */

/* Begin PBXTargetDependency section */
		467D12C027A2B42800FA87F7 /* PBXTargetDependency */ = {
			isa = PBXTargetDependency;
			target = 467D12A727A2B41800FA87F7 /* WorldTrotter */;
			targetProxy = 467D12BF27A2B42800FA87F7 /* PBXContainerItemProxy */;
		};
		467D12CB27A2B42800FA87F7 /* PBXTargetDependency */ = {
			isa = PBXTargetDependency;
			target = 467D12A727A2B41800FA87F7 /* WorldTrotter */;
			targetProxy = 467D12CA27A2B42800FA87F7 /* PBXContainerItemProxy */;
		};
/* End PBXTargetDependency section */

/* Begin PBXVariantGroup section */
		467D12B127A2B41800FA87F7 /* Main.storyboard */ = {
			isa = PBXVariantGroup;
			children = (
				467D12B227A2B41800FA87F7 /* Base */,
			);
			name = Main.storyboard;
			sourceTree = "<group>";
		};
		467D12B627A2B42800FA87F7 /* LaunchScreen.storyboard */ = {
			isa = PBXVariantGroup;
			children = (
				467D12B727A2B42800FA87F7 /* Base */,
			);
			name = LaunchScreen.storyboard;
			sourceTree = "<group>";
		};
/* End PBXVariantGroup section */

/* Begin XCBuildConfiguration section */
		467D12D027A2B42800FA87F7 /* Debug */ = {
			isa = XCBuildConfiguration;
			buildSettings = {
				ALWAYS_SEARCH_USER_PATHS = NO;
				CLANG_ANALYZER_NONNULL = YES;
				CLANG_ANALYZER_NUMBER_OBJECT_CONVERSION = YES_AGGRESSIVE;
				CLANG_CXX_LANGUAGE_STANDARD = "gnu++14";
				CLANG_CXX_LIBRARY = "libc++";
				CLANG_ENABLE_MODULES = YES;
				CLANG_ENABLE_OBJC_ARC = YES;
				CLANG_ENABLE_OBJC_WEAK = YES;
				CLANG_WARN_BLOCK_CAPTURE_AUTORELEASING = YES;
				CLANG_WARN_BOOL_CONVERSION = YES;
				CLANG_WARN_COMMA = YES;
				CLANG_WARN_CONSTANT_CONVERSION = YES;
				CLANG_WARN_DEPRECATED_OBJC_IMPLEMENTATIONS = YES;
				CLANG_WARN_DIRECT_OBJC_ISA_USAGE = YES_ERROR;
				CLANG_WARN_DOCUMENTATION_COMMENTS = YES;
				CLANG_WARN_EMPTY_BODY = YES;
				CLANG_WARN_ENUM_CONVERSION = YES;
				CLANG_WARN_INFINITE_RECURSION = YES;
				CLANG_WARN_INT_CONVERSION = YES;
				CLANG_WARN_NON_LITERAL_NULL_CONVERSION = YES;
				CLANG_WARN_OBJC_IMPLICIT_RETAIN_SELF = YES;
				CLANG_WARN_OBJC_LITERAL_CONVERSION = YES;
				CLANG_WARN_OBJC_ROOT_CLASS = YES_ERROR;
				CLANG_WARN_QUOTED_INCLUDE_IN_FRAMEWORK_HEADER = YES;
				CLANG_WARN_RANGE_LOOP_ANALYSIS = YES;
				CLANG_WARN_STRICT_PROTOTYPES = YES;
				CLANG_WARN_SUSPICIOUS_MOVE = YES;
				CLANG_WARN_UNGUARDED_AVAILABILITY = YES_AGGRESSIVE;
				CLANG_WARN_UNREACHABLE_CODE = YES;
				CLANG_WARN__DUPLICATE_METHOD_MATCH = YES;
				COPY_PHASE_STRIP = NO;
				DEBUG_INFORMATION_FORMAT = dwarf;
				ENABLE_STRICT_OBJC_MSGSEND = YES;
				ENABLE_TESTABILITY = YES;
				GCC_C_LANGUAGE_STANDARD = gnu11;
				GCC_DYNAMIC_NO_PIC = NO;
				GCC_NO_COMMON_BLOCKS = YES;
				GCC_OPTIMIZATION_LEVEL = 0;
				GCC_PREPROCESSOR_DEFINITIONS = (
					"DEBUG=1",
					"$(inherited)",
				);
				GCC_WARN_64_TO_32_BIT_CONVERSION = YES;
				GCC_WARN_ABOUT_RETURN_TYPE = YES_ERROR;
				GCC_WARN_UNDECLARED_SELECTOR = YES;
				GCC_WARN_UNINITIALIZED_AUTOS = YES_AGGRESSIVE;
				GCC_WARN_UNUSED_FUNCTION = YES;
				GCC_WARN_UNUSED_VARIABLE = YES;
				IPHONEOS_DEPLOYMENT_TARGET = 14.4;
				MTL_ENABLE_DEBUG_INFO = INCLUDE_SOURCE;
				MTL_FAST_MATH = YES;
				ONLY_ACTIVE_ARCH = YES;
				SDKROOT = iphoneos;
				SWIFT_ACTIVE_COMPILATION_CONDITIONS = DEBUG;
				SWIFT_OPTIMIZATION_LEVEL = "-Onone";
			};
			name = Debug;
		};
		467D12D127A2B42800FA87F7 /* Release */ = {
			isa = XCBuildConfiguration;
			buildSettings = {
				ALWAYS_SEARCH_USER_PATHS = NO;
				CLANG_ANALYZER_NONNULL = YES;
				CLANG_ANALYZER_NUMBER_OBJECT_CONVERSION = YES_AGGRESSIVE;
				CLANG_CXX_LANGUAGE_STANDARD = "gnu++14";
				CLANG_CXX_LIBRARY = "libc++";
				CLANG_ENABLE_MODULES = YES;
				CLANG_ENABLE_OBJC_ARC = YES;
				CLANG_ENABLE_OBJC_WEAK = YES;
				CLANG_WARN_BLOCK_CAPTURE_AUTORELEASING = YES;
				CLANG_WARN_BOOL_CONVERSION = YES;
				CLANG_WARN_COMMA = YES;
				CLANG_WARN_CONSTANT_CONVERSION = YES;
				CLANG_WARN_DEPRECATED_OBJC_IMPLEMENTATIONS = YES;
				CLANG_WARN_DIRECT_OBJC_ISA_USAGE = YES_ERROR;
				CLANG_WARN_DOCUMENTATION_COMMENTS = YES;
				CLANG_WARN_EMPTY_BODY = YES;
				CLANG_WARN_ENUM_CONVERSION = YES;
				CLANG_WARN_INFINITE_RECURSION = YES;
				CLANG_WARN_INT_CONVERSION = YES;
				CLANG_WARN_NON_LITERAL_NULL_CONVERSION = YES;
				CLANG_WARN_OBJC_IMPLICIT_RETAIN_SELF = YES;
				CLANG_WARN_OBJC_LITERAL_CONVERSION = YES;
				CLANG_WARN_OBJC_ROOT_CLASS = YES_ERROR;
				CLANG_WARN_QUOTED_INCLUDE_IN_FRAMEWORK_HEADER = YES;
				CLANG_WARN_RANGE_LOOP_ANALYSIS = YES;
				CLANG_WARN_STRICT_PROTOTYPES = YES;
				CLANG_WARN_SUSPICIOUS_MOVE = YES;
				CLANG_WARN_UNGUARDED_AVAILABILITY = YES_AGGRESSIVE;
				CLANG_WARN_UNREACHABLE_CODE = YES;
				CLANG_WARN__DUPLICATE_METHOD_MATCH = YES;
				COPY_PHASE_STRIP = NO;
				DEBUG_INFORMATION_FORMAT = "dwarf-with-dsym";
				ENABLE_NS_ASSERTIONS = NO;
				ENABLE_STRICT_OBJC_MSGSEND = YES;
				GCC_C_LANGUAGE_STANDARD = gnu11;
				GCC_NO_COMMON_BLOCKS = YES;
				GCC_WARN_64_TO_32_BIT_CONVERSION = YES;
				GCC_WARN_ABOUT_RETURN_TYPE = YES_ERROR;
				GCC_WARN_UNDECLARED_SELECTOR = YES;
				GCC_WARN_UNINITIALIZED_AUTOS = YES_AGGRESSIVE;
				GCC_WARN_UNUSED_FUNCTION = YES;
				GCC_WARN_UNUSED_VARIABLE = YES;
				IPHONEOS_DEPLOYMENT_TARGET = 14.4;
				MTL_ENABLE_DEBUG_INFO = NO;
				MTL_FAST_MATH = YES;
				SDKROOT = iphoneos;
				SWIFT_COMPILATION_MODE = wholemodule;
				SWIFT_OPTIMIZATION_LEVEL = "-O";
				VALIDATE_PRODUCT = YES;
			};
			name = Release;
		};
		467D12D327A2B42800FA87F7 /* Debug */ = {
			isa = XCBuildConfiguration;
			buildSettings = {
				ASSETCATALOG_COMPILER_APPICON_NAME = AppIcon;
				ASSETCATALOG_COMPILER_GLOBAL_ACCENT_COLOR_NAME = AccentColor;
				CODE_SIGN_STYLE = Automatic;
				DEVELOPMENT_TEAM = BS34BHX59K;
				INFOPLIST_FILE = WorldTrotter/Info.plist;
				IPHONEOS_DEPLOYMENT_TARGET = 13.4;
				LD_RUNPATH_SEARCH_PATHS = (
					"$(inherited)",
					"@executable_path/Frameworks",
				);
				PRODUCT_BUNDLE_IDENTIFIER = "Xin-Xiong.WorldTrotter";
				PRODUCT_NAME = "$(TARGET_NAME)";
				SWIFT_VERSION = 5.0;
				TARGETED_DEVICE_FAMILY = "1,2";
			};
			name = Debug;
		};
		467D12D427A2B42800FA87F7 /* Release */ = {
			isa = XCBuildConfiguration;
			buildSettings = {
				ASSETCATALOG_COMPILER_APPICON_NAME = AppIcon;
				ASSETCATALOG_COMPILER_GLOBAL_ACCENT_COLOR_NAME = AccentColor;
				CODE_SIGN_STYLE = Automatic;
				DEVELOPMENT_TEAM = BS34BHX59K;
				INFOPLIST_FILE = WorldTrotter/Info.plist;
				IPHONEOS_DEPLOYMENT_TARGET = 13.4;
				LD_RUNPATH_SEARCH_PATHS = (
					"$(inherited)",
					"@executable_path/Frameworks",
				);
				PRODUCT_BUNDLE_IDENTIFIER = "Xin-Xiong.WorldTrotter";
				PRODUCT_NAME = "$(TARGET_NAME)";
				SWIFT_VERSION = 5.0;
				TARGETED_DEVICE_FAMILY = "1,2";
			};
			name = Release;
		};
		467D12D627A2B42800FA87F7 /* Debug */ = {
			isa = XCBuildConfiguration;
			buildSettings = {
				ALWAYS_EMBED_SWIFT_STANDARD_LIBRARIES = YES;
				BUNDLE_LOADER = "$(TEST_HOST)";
				CODE_SIGN_STYLE = Automatic;
				DEVELOPMENT_TEAM = BS34BHX59K;
				INFOPLIST_FILE = WorldTrotterTests/Info.plist;
				IPHONEOS_DEPLOYMENT_TARGET = 14.4;
				LD_RUNPATH_SEARCH_PATHS = (
					"$(inherited)",
					"@executable_path/Frameworks",
					"@loader_path/Frameworks",
				);
				PRODUCT_BUNDLE_IDENTIFIER = "Xin-Xiong.WorldTrotterTests";
				PRODUCT_NAME = "$(TARGET_NAME)";
				SWIFT_VERSION = 5.0;
				TARGETED_DEVICE_FAMILY = "1,2";
				TEST_HOST = "$(BUILT_PRODUCTS_DIR)/WorldTrotter.app/WorldTrotter";
			};
			name = Debug;
		};
		467D12D727A2B42800FA87F7 /* Release */ = {
			isa = XCBuildConfiguration;
			buildSettings = {
				ALWAYS_EMBED_SWIFT_STANDARD_LIBRARIES = YES;
				BUNDLE_LOADER = "$(TEST_HOST)";
				CODE_SIGN_STYLE = Automatic;
				DEVELOPMENT_TEAM = BS34BHX59K;
				INFOPLIST_FILE = WorldTrotterTests/Info.plist;
				IPHONEOS_DEPLOYMENT_TARGET = 14.4;
				LD_RUNPATH_SEARCH_PATHS = (
					"$(inherited)",
					"@executable_path/Frameworks",
					"@loader_path/Frameworks",
				);
				PRODUCT_BUNDLE_IDENTIFIER = "Xin-Xiong.WorldTrotterTests";
				PRODUCT_NAME = "$(TARGET_NAME)";
				SWIFT_VERSION = 5.0;
				TARGETED_DEVICE_FAMILY = "1,2";
				TEST_HOST = "$(BUILT_PRODUCTS_DIR)/WorldTrotter.app/WorldTrotter";
			};
			name = Release;
		};
		467D12D927A2B42800FA87F7 /* Debug */ = {
			isa = XCBuildConfiguration;
			buildSettings = {
				ALWAYS_EMBED_SWIFT_STANDARD_LIBRARIES = YES;
				CODE_SIGN_STYLE = Automatic;
				DEVELOPMENT_TEAM = BS34BHX59K;
				INFOPLIST_FILE = WorldTrotterUITests/Info.plist;
				LD_RUNPATH_SEARCH_PATHS = (
					"$(inherited)",
					"@executable_path/Frameworks",
					"@loader_path/Frameworks",
				);
				PRODUCT_BUNDLE_IDENTIFIER = "Xin-Xiong.WorldTrotterUITests";
				PRODUCT_NAME = "$(TARGET_NAME)";
				SWIFT_VERSION = 5.0;
				TARGETED_DEVICE_FAMILY = "1,2";
				TEST_TARGET_NAME = WorldTrotter;
			};
			name = Debug;
		};
		467D12DA27A2B42800FA87F7 /* Release */ = {
			isa = XCBuildConfiguration;
			buildSettings = {
				ALWAYS_EMBED_SWIFT_STANDARD_LIBRARIES = YES;
				CODE_SIGN_STYLE = Automatic;
				DEVELOPMENT_TEAM = BS34BHX59K;
				INFOPLIST_FILE = WorldTrotterUITests/Info.plist;
				LD_RUNPATH_SEARCH_PATHS = (
					"$(inherited)",
					"@executable_path/Frameworks",
					"@loader_path/Frameworks",
				);
				PRODUCT_BUNDLE_IDENTIFIER = "Xin-Xiong.WorldTrotterUITests";
				PRODUCT_NAME = "$(TARGET_NAME)";
				SWIFT_VERSION = 5.0;
				TARGETED_DEVICE_FAMILY = "1,2";
				TEST_TARGET_NAME = WorldTrotter;
			};
			name = Release;
		};
/* End XCBuildConfiguration section */

/* Begin XCConfigurationList section */
		467D12A327A2B41800FA87F7 /* Build configuration list for PBXProject "WorldTrotter" */ = {
			isa = XCConfigurationList;
			buildConfigurations = (
				467D12D027A2B42800FA87F7 /* Debug */,
				467D12D127A2B42800FA87F7 /* Release */,
			);
			defaultConfigurationIsVisible = 0;
			defaultConfigurationName = Release;
		};
		467D12D227A2B42800FA87F7 /* Build configuration list for PBXNativeTarget "WorldTrotter" */ = {
			isa = XCConfigurationList;
			buildConfigurations = (
				467D12D327A2B42800FA87F7 /* Debug */,
				467D12D427A2B42800FA87F7 /* Release */,
			);
			defaultConfigurationIsVisible = 0;
			defaultConfigurationName = Release;
		};
		467D12D527A2B42800FA87F7 /* Build configuration list for PBXNativeTarget "WorldTrotterTests" */ = {
			isa = XCConfigurationList;
			buildConfigurations = (
				467D12D627A2B42800FA87F7 /* Debug */,
				467D12D727A2B42800FA87F7 /* Release */,
			);
			defaultConfigurationIsVisible = 0;
			defaultConfigurationName = Release;
		};
		467D12D827A2B42800FA87F7 /* Build configuration list for PBXNativeTarget "WorldTrotterUITests" */ = {
			isa = XCConfigurationList;
			buildConfigurations = (
				467D12D927A2B42800FA87F7 /* Debug */,
				467D12DA27A2B42800FA87F7 /* Release */,
			);
			defaultConfigurationIsVisible = 0;
			defaultConfigurationName = Release;
		};
/* End XCConfigurationList section */
	};
	rootObject = 467D12A027A2B41800FA87F7 /* Project object */;
}
